deedles.dev/wl v0.0.0-20221204174206-ef964137504e h1:6/v5drem1hbXNr/aT8p/xH15s5cM5PmkrUriuNtolLQ=
deedles.dev/wl v0.0.0-20221204174206-ef964137504e/go.mod h1:YbsDMZ70FEqVc5eox24l1Q0Jf9b54zA4h+8Qk8/s+vA=
golang.org/x/sys v0.3.0 h1:w8ZOecv6NaNa/zC8944JTU3vz4u6Lagfk4RPQxv92NQ=
golang.org/x/sys v0.3.0/go.mod h1:oPkhp1MJrh7nUepCBck5+mAzfO9JrbApNNgaTdGDITg=
