deedles.dev/wl v0.0.0-20221207015712-7c402acb6168 h1:5sIHxQb/q6LHJ8pAodY10lfJyRB8mzdCavs/CgBogAY=
deedles.dev/wl v0.0.0-20221207015712-7c402acb6168/go.mod h1:Hb3sIA0vj/eU2ao7DGNS3jtqrKyzI7MinBv36f9AX0I=
golang.org/x/sys v0.3.0 h1:w8ZOecv6NaNa/zC8944JTU3vz4u6Lagfk4RPQxv92NQ=
golang.org/x/sys v0.3.0/go.mod h1:oPkhp1MJrh7nUepCBck5+mAzfO9JrbApNNgaTdGDITg=
